
Microsoft Visual Studio Solution File, Format Version 12.00
# Visual Studio Version 17
VisualStudioVersion = 17.14.36408.4 d17.14
MinimumVisualStudioVersion = 10.0.40219.1
Project("{FAE04EC0-301F-11D3-BF4B-00C04F79EFBC}") = "LauncherClient", "LauncherClient.csproj", "{329E8906-4FBD-4401-896C-06AC786974BA}"
EndProject
Global
	GlobalSection(SolutionConfigurationPlatforms) = preSolution
		Debug|Any CPU = Debug|Any CPU
		Release|Any CPU = Release|Any CPU
	EndGlobalSection
	GlobalSection(ProjectConfigurationPlatforms) = postSolution
		{329E8906-4FBD-4401-896C-06AC786974BA}.Debug|Any CPU.ActiveCfg = Debug|Any CPU
		{329E8906-4FBD-4401-896C-06AC786974BA}.Debug|Any CPU.Build.0 = Debug|Any CPU
		{329E8906-4FBD-4401-896C-06AC786974BA}.Release|Any CPU.ActiveCfg = Release|Any CPU
		{329E8906-4FBD-4401-896C-06AC786974BA}.Release|Any CPU.Build.0 = Release|Any CPU
	EndGlobalSection
	GlobalSection(SolutionProperties) = preSolution
		HideSolutionNode = FALSE
	EndGlobalSection
	GlobalSection(ExtensibilityGlobals) = postSolution
		SolutionGuid = {D76D09D5-73ED-4060-9E32-335D835A8449}
	EndGlobalSection
EndGlobal
